
Microsoft Visual Studio Solution File, Format Version 12.00
# Visual Studio 14
VisualStudioVersion = 14.0.22013.1
MinimumVisualStudioVersion = 10.0.40219.1
Project("{FAE04EC0-301F-11D3-BF4B-00C04F79EFBC}") = "Deregionizer", "Deregionizer\Deregionizer.csproj", "{690BFEB2-07B6-455E-9A2B-F643E36558BF}"
EndProject
Project("{FAE04EC0-301F-11D3-BF4B-00C04F79EFBC}") = "Deregionizer.Tests", "Deregionizer.Tests\Deregionizer.Tests.csproj", "{2BC54308-811F-41A2-A22B-2BBB66A13656}"
EndProject
Project("{FAE04EC0-301F-11D3-BF4B-00C04F79EFBC}") = "Deregionizer.ConsoleApplication", "Deregionizer.ConsoleApplication\Deregionizer.ConsoleApplication.csproj", "{A8C2F2EE-B4F2-4406-9CB3-0E4C78089FEC}"
EndProject
Project("{FAE04EC0-301F-11D3-BF4B-00C04F79EFBC}") = "Deregionizer.ConsoleApplication.IntegrationTests", "Deregionizer.ConsoleApplication.IntegrationTests\Deregionizer.ConsoleApplication.IntegrationTests.csproj", "{D7185C4A-1BFF-4194-96CB-677FB1D74E26}"
	ProjectSection(ProjectDependencies) = postProject
		{A8C2F2EE-B4F2-4406-9CB3-0E4C78089FEC} = {A8C2F2EE-B4F2-4406-9CB3-0E4C78089FEC}
	EndProjectSection
EndProject
Global
	GlobalSection(SolutionConfigurationPlatforms) = preSolution
		Debug|Any CPU = Debug|Any CPU
		Release|Any CPU = Release|Any CPU
	EndGlobalSection
	GlobalSection(ProjectConfigurationPlatforms) = postSolution
		{690BFEB2-07B6-455E-9A2B-F643E36558BF}.Debug|Any CPU.ActiveCfg = Debug|Any CPU
		{690BFEB2-07B6-455E-9A2B-F643E36558BF}.Debug|Any CPU.Build.0 = Debug|Any CPU
		{690BFEB2-07B6-455E-9A2B-F643E36558BF}.Release|Any CPU.ActiveCfg = Release|Any CPU
		{690BFEB2-07B6-455E-9A2B-F643E36558BF}.Release|Any CPU.Build.0 = Release|Any CPU
		{2BC54308-811F-41A2-A22B-2BBB66A13656}.Debug|Any CPU.ActiveCfg = Debug|Any CPU
		{2BC54308-811F-41A2-A22B-2BBB66A13656}.Debug|Any CPU.Build.0 = Debug|Any CPU
		{2BC54308-811F-41A2-A22B-2BBB66A13656}.Release|Any CPU.ActiveCfg = Release|Any CPU
		{2BC54308-811F-41A2-A22B-2BBB66A13656}.Release|Any CPU.Build.0 = Release|Any CPU
		{A8C2F2EE-B4F2-4406-9CB3-0E4C78089FEC}.Debug|Any CPU.ActiveCfg = Debug|Any CPU
		{A8C2F2EE-B4F2-4406-9CB3-0E4C78089FEC}.Debug|Any CPU.Build.0 = Debug|Any CPU
		{A8C2F2EE-B4F2-4406-9CB3-0E4C78089FEC}.Release|Any CPU.ActiveCfg = Release|Any CPU
		{A8C2F2EE-B4F2-4406-9CB3-0E4C78089FEC}.Release|Any CPU.Build.0 = Release|Any CPU
		{D7185C4A-1BFF-4194-96CB-677FB1D74E26}.Debug|Any CPU.ActiveCfg = Debug|Any CPU
		{D7185C4A-1BFF-4194-96CB-677FB1D74E26}.Debug|Any CPU.Build.0 = Debug|Any CPU
		{D7185C4A-1BFF-4194-96CB-677FB1D74E26}.Release|Any CPU.ActiveCfg = Release|Any CPU
		{D7185C4A-1BFF-4194-96CB-677FB1D74E26}.Release|Any CPU.Build.0 = Release|Any CPU
	EndGlobalSection
	GlobalSection(SolutionProperties) = preSolution
		HideSolutionNode = FALSE
	EndGlobalSection
EndGlobal
