
Microsoft Visual Studio Solution File, Format Version 12.00
# Visual Studio 14
VisualStudioVersion = 14.0.23107.0
MinimumVisualStudioVersion = 10.0.40219.1
Project("{FAE04EC0-301F-11D3-BF4B-00C04F79EFBC}") = "Deregionizer", "Deregionizer\Deregionizer.csproj", "{73367D91-B853-4843-B2E5-6405793F63CF}"
EndProject
Project("{FAE04EC0-301F-11D3-BF4B-00C04F79EFBC}") = "Deregionizer.Tests", "Deregionizer.Tests\Deregionizer.Tests.csproj", "{8944FA11-AE23-4A49-8FA9-CC85FCFA8B29}"
EndProject
Project("{FAE04EC0-301F-11D3-BF4B-00C04F79EFBC}") = "Deregionizer.ConsoleApplication", "Deregionizer.ConsoleApplication\Deregionizer.ConsoleApplication.csproj", "{26382348-7063-4468-B129-15586B298246}"
EndProject
Project("{FAE04EC0-301F-11D3-BF4B-00C04F79EFBC}") = "Deregionizer.ConsoleApplication.IntegrationTests", "Deregionizer.ConsoleApplication.IntegrationTests\Deregionizer.ConsoleApplication.IntegrationTests.csproj", "{D7185C4A-1BFF-4194-96CB-677FB1D74E26}"
	ProjectSection(ProjectDependencies) = postProject
		{26382348-7063-4468-B129-15586B298246} = {26382348-7063-4468-B129-15586B298246}
	EndProjectSection
EndProject
Global
	GlobalSection(SolutionConfigurationPlatforms) = preSolution
		Debug|Any CPU = Debug|Any CPU
		Release|Any CPU = Release|Any CPU
	EndGlobalSection
	GlobalSection(ProjectConfigurationPlatforms) = postSolution
		{73367D91-B853-4843-B2E5-6405793F63CF}.Debug|Any CPU.ActiveCfg = Debug|Any CPU
		{73367D91-B853-4843-B2E5-6405793F63CF}.Debug|Any CPU.Build.0 = Debug|Any CPU
		{73367D91-B853-4843-B2E5-6405793F63CF}.Release|Any CPU.ActiveCfg = Release|Any CPU
		{73367D91-B853-4843-B2E5-6405793F63CF}.Release|Any CPU.Build.0 = Release|Any CPU
		{8944FA11-AE23-4A49-8FA9-CC85FCFA8B29}.Debug|Any CPU.ActiveCfg = Debug|Any CPU
		{8944FA11-AE23-4A49-8FA9-CC85FCFA8B29}.Debug|Any CPU.Build.0 = Debug|Any CPU
		{8944FA11-AE23-4A49-8FA9-CC85FCFA8B29}.Release|Any CPU.ActiveCfg = Release|Any CPU
		{8944FA11-AE23-4A49-8FA9-CC85FCFA8B29}.Release|Any CPU.Build.0 = Release|Any CPU
		{26382348-7063-4468-B129-15586B298246}.Debug|Any CPU.ActiveCfg = Debug|Any CPU
		{26382348-7063-4468-B129-15586B298246}.Debug|Any CPU.Build.0 = Debug|Any CPU
		{26382348-7063-4468-B129-15586B298246}.Release|Any CPU.ActiveCfg = Release|Any CPU
		{26382348-7063-4468-B129-15586B298246}.Release|Any CPU.Build.0 = Release|Any CPU
		{D7185C4A-1BFF-4194-96CB-677FB1D74E26}.Debug|Any CPU.ActiveCfg = Debug|Any CPU
		{D7185C4A-1BFF-4194-96CB-677FB1D74E26}.Debug|Any CPU.Build.0 = Debug|Any CPU
		{D7185C4A-1BFF-4194-96CB-677FB1D74E26}.Release|Any CPU.ActiveCfg = Release|Any CPU
		{D7185C4A-1BFF-4194-96CB-677FB1D74E26}.Release|Any CPU.Build.0 = Release|Any CPU
	EndGlobalSection
	GlobalSection(SolutionProperties) = preSolution
		HideSolutionNode = FALSE
	EndGlobalSection
EndGlobal
